
Microsoft Visual Studio Solution File, Format Version 12.00
# Visual Studio Version 16
VisualStudioVersion = 16.0.30517.126
MinimumVisualStudioVersion = 10.0.40219.1
Project("{FAE04EC0-301F-11D3-BF4B-00C04F79EFBC}") = "EmailValidation", "EmailValidation.csproj", "{259272BA-3359-45CA-BA78-5FE7204ABB99}"
EndProject
Global
	GlobalSection(SolutionConfigurationPlatforms) = preSolution
		Debug|Any CPU = Debug|Any CPU
		Release|Any CPU = Release|Any CPU
	EndGlobalSection
	GlobalSection(ProjectConfigurationPlatforms) = postSolution
		{259272BA-3359-45CA-BA78-5FE7204ABB99}.Debug|Any CPU.ActiveCfg = Debug|Any CPU
		{259272BA-3359-45CA-BA78-5FE7204ABB99}.Debug|Any CPU.Build.0 = Debug|Any CPU
		{259272BA-3359-45CA-BA78-5FE7204ABB99}.Release|Any CPU.ActiveCfg = Release|Any CPU
		{259272BA-3359-45CA-BA78-5FE7204ABB99}.Release|Any CPU.Build.0 = Release|Any CPU
	EndGlobalSection
	GlobalSection(SolutionProperties) = preSolution
		HideSolutionNode = FALSE
	EndGlobalSection
	GlobalSection(ExtensibilityGlobals) = postSolution
		SolutionGuid = {97D5C221-6E29-4252-B455-6111842C37A4}
	EndGlobalSection
EndGlobal
